
Microsoft Visual Studio Solution File, Format Version 12.00
# Visual Studio 2012
Project("{2150E333-8FDC-42A3-9474-1A3956D46DE8}") = "app", "app", "{5D078BDF-7A54-4FED-9545-B619D25E357E}"
EndProject
Project("{2150E333-8FDC-42A3-9474-1A3956D46DE8}") = "src", "src", "{25DAADDC-2457-4AB6-AB9C-A5A502E55F88}"
EndProject
Project("{2150E333-8FDC-42A3-9474-1A3956D46DE8}") = "test", "test", "{F0CF42D1-62E1-4537-83C4-109BC7B7A8D6}"
EndProject
Project("{FAE04EC0-301F-11D3-BF4B-00C04F79EFBC}") = "CHAOS.MCM.Module", "src\app\CHAOS.MCM.Module\CHAOS.MCM.Module.csproj", "{3C75FA89-055C-4AF5-9CE0-60E7AD766ECD}"
EndProject
Project("{FAE04EC0-301F-11D3-BF4B-00C04F79EFBC}") = "CHAOS.MCM.Core.Exception", "src\app\CHAOS.MCM.Core.Exception\CHAOS.MCM.Core.Exception.csproj", "{4E125648-0FA1-4FD3-AB15-343468DE471D}"
EndProject
Project("{FAE04EC0-301F-11D3-BF4B-00C04F79EFBC}") = "CHAOS.MCM.Data.EF", "src\app\CHAOS.MCM.Data.EF\CHAOS.MCM.Data.EF.csproj", "{DF345249-3E02-470B-BD17-CAE1F1716B8F}"
EndProject
Project("{FAE04EC0-301F-11D3-BF4B-00C04F79EFBC}") = "CHAOS.MCM.Test", "src\test\CHAOS.MCM.Test\CHAOS.MCM.Test.csproj", "{53C4082B-8284-4588-89AE-6EC3E601CE7C}"
EndProject
Project("{2150E333-8FDC-42A3-9474-1A3956D46DE8}") = "build", "build", "{2265746E-3FCD-489C-A41B-FCBFE6FD17D6}"
	ProjectSection(SolutionItems) = preProject
		build\Media-Content-Manager.build = build\Media-Content-Manager.build
	EndProjectSection
EndProject
Project("{2150E333-8FDC-42A3-9474-1A3956D46DE8}") = "sql", "sql", "{6B23DDF8-C4F7-4D26-91B6-26E343E01F74}"
EndProject
Project("{2150E333-8FDC-42A3-9474-1A3956D46DE8}") = "3.storedprocedures", "3.storedprocedures", "{C901C1DC-38A7-4BF7-95D8-55A5DCE2788A}"
	ProjectSection(SolutionItems) = preProject
		sql\3.storedprocedures\File_Delete.sql = sql\3.storedprocedures\File_Delete.sql
		sql\3.storedprocedures\Format_Create.sql = sql\3.storedprocedures\Format_Create.sql
		sql\3.storedprocedures\Format_Get.sql = sql\3.storedprocedures\Format_Get.sql
	EndProjectSection
EndProject
Project("{FAE04EC0-301F-11D3-BF4B-00C04F79EFBC}") = "CHAOS.MCM", "src\app\CHAOS.MCM\CHAOS.MCM.csproj", "{461EF48B-BBEB-4A4C-9968-66ACE8D3D43D}"
EndProject
Global
	GlobalSection(SolutionConfigurationPlatforms) = preSolution
		Debug|Any CPU = Debug|Any CPU
		Release|Any CPU = Release|Any CPU
	EndGlobalSection
	GlobalSection(ProjectConfigurationPlatforms) = postSolution
		{3C75FA89-055C-4AF5-9CE0-60E7AD766ECD}.Debug|Any CPU.ActiveCfg = Debug|Any CPU
		{3C75FA89-055C-4AF5-9CE0-60E7AD766ECD}.Debug|Any CPU.Build.0 = Debug|Any CPU
		{3C75FA89-055C-4AF5-9CE0-60E7AD766ECD}.Release|Any CPU.ActiveCfg = Release|Any CPU
		{3C75FA89-055C-4AF5-9CE0-60E7AD766ECD}.Release|Any CPU.Build.0 = Release|Any CPU
		{4E125648-0FA1-4FD3-AB15-343468DE471D}.Debug|Any CPU.ActiveCfg = Debug|Any CPU
		{4E125648-0FA1-4FD3-AB15-343468DE471D}.Debug|Any CPU.Build.0 = Debug|Any CPU
		{4E125648-0FA1-4FD3-AB15-343468DE471D}.Release|Any CPU.ActiveCfg = Release|Any CPU
		{4E125648-0FA1-4FD3-AB15-343468DE471D}.Release|Any CPU.Build.0 = Release|Any CPU
		{DF345249-3E02-470B-BD17-CAE1F1716B8F}.Debug|Any CPU.ActiveCfg = Debug|Any CPU
		{DF345249-3E02-470B-BD17-CAE1F1716B8F}.Debug|Any CPU.Build.0 = Debug|Any CPU
		{DF345249-3E02-470B-BD17-CAE1F1716B8F}.Release|Any CPU.ActiveCfg = Release|Any CPU
		{DF345249-3E02-470B-BD17-CAE1F1716B8F}.Release|Any CPU.Build.0 = Release|Any CPU
		{53C4082B-8284-4588-89AE-6EC3E601CE7C}.Debug|Any CPU.ActiveCfg = Debug|Any CPU
		{53C4082B-8284-4588-89AE-6EC3E601CE7C}.Debug|Any CPU.Build.0 = Debug|Any CPU
		{53C4082B-8284-4588-89AE-6EC3E601CE7C}.Release|Any CPU.ActiveCfg = Release|Any CPU
		{53C4082B-8284-4588-89AE-6EC3E601CE7C}.Release|Any CPU.Build.0 = Release|Any CPU
		{461EF48B-BBEB-4A4C-9968-66ACE8D3D43D}.Debug|Any CPU.ActiveCfg = Debug|Any CPU
		{461EF48B-BBEB-4A4C-9968-66ACE8D3D43D}.Debug|Any CPU.Build.0 = Debug|Any CPU
		{461EF48B-BBEB-4A4C-9968-66ACE8D3D43D}.Release|Any CPU.ActiveCfg = Release|Any CPU
		{461EF48B-BBEB-4A4C-9968-66ACE8D3D43D}.Release|Any CPU.Build.0 = Release|Any CPU
	EndGlobalSection
	GlobalSection(SolutionProperties) = preSolution
		HideSolutionNode = FALSE
	EndGlobalSection
	GlobalSection(NestedProjects) = preSolution
		{5D078BDF-7A54-4FED-9545-B619D25E357E} = {25DAADDC-2457-4AB6-AB9C-A5A502E55F88}
		{F0CF42D1-62E1-4537-83C4-109BC7B7A8D6} = {25DAADDC-2457-4AB6-AB9C-A5A502E55F88}
		{3C75FA89-055C-4AF5-9CE0-60E7AD766ECD} = {5D078BDF-7A54-4FED-9545-B619D25E357E}
		{4E125648-0FA1-4FD3-AB15-343468DE471D} = {5D078BDF-7A54-4FED-9545-B619D25E357E}
		{DF345249-3E02-470B-BD17-CAE1F1716B8F} = {5D078BDF-7A54-4FED-9545-B619D25E357E}
		{461EF48B-BBEB-4A4C-9968-66ACE8D3D43D} = {5D078BDF-7A54-4FED-9545-B619D25E357E}
		{53C4082B-8284-4588-89AE-6EC3E601CE7C} = {F0CF42D1-62E1-4537-83C4-109BC7B7A8D6}
		{C901C1DC-38A7-4BF7-95D8-55A5DCE2788A} = {6B23DDF8-C4F7-4D26-91B6-26E343E01F74}
	EndGlobalSection
EndGlobal
